
Microsoft Visual Studio Solution File, Format Version 12.00
# Visual Studio 15
VisualStudioVersion = 15.0.28010.2046
MinimumVisualStudioVersion = 10.0.40219.1
Project("{FAE04EC0-301F-11D3-BF4B-00C04F79EFBC}") = "OOP_Homework1", "OOP_Homework1\OOP_Homework1.csproj", "{369CC102-F276-4E88-8A2D-F1E7CF04892A}"
EndProject
Global
	GlobalSection(SolutionConfigurationPlatforms) = preSolution
		Debug|Any CPU = Debug|Any CPU
		Release|Any CPU = Release|Any CPU
	EndGlobalSection
	GlobalSection(ProjectConfigurationPlatforms) = postSolution
		{369CC102-F276-4E88-8A2D-F1E7CF04892A}.Debug|Any CPU.ActiveCfg = Debug|Any CPU
		{369CC102-F276-4E88-8A2D-F1E7CF04892A}.Debug|Any CPU.Build.0 = Debug|Any CPU
		{369CC102-F276-4E88-8A2D-F1E7CF04892A}.Release|Any CPU.ActiveCfg = Release|Any CPU
		{369CC102-F276-4E88-8A2D-F1E7CF04892A}.Release|Any CPU.Build.0 = Release|Any CPU
	EndGlobalSection
	GlobalSection(SolutionProperties) = preSolution
		HideSolutionNode = FALSE
	EndGlobalSection
	GlobalSection(ExtensibilityGlobals) = postSolution
		SolutionGuid = {95E5DED0-0DA1-4425-9AA2-DCEF7BCFDA35}
	EndGlobalSection
EndGlobal
